
Microsoft Visual Studio Solution File, Format Version 12.00
# Visual Studio Version 17
VisualStudioVersion = 17.0.31919.166
MinimumVisualStudioVersion = 10.0.40219.1
Project("{9A19103F-16F7-4668-BE54-9A1E7A4F7556}") = "Avanade.Calculadora.AppService", "Avanade.Calculadora.App\Avanade.Calculadora.AppService.csproj", "{AE86EF6E-A65F-4761-8C04-1E7F4BBE3970}"
EndProject
Project("{9A19103F-16F7-4668-BE54-9A1E7A4F7556}") = "Avanade.Calculadora.Service", "Avanade.Calculadora.AppService\Avanade.Calculadora.Service.csproj", "{5C4C4EAE-20EE-45EE-A7C5-30967CA1CF6E}"
EndProject
Project("{9A19103F-16F7-4668-BE54-9A1E7A4F7556}") = "Avanade.Calculadora.DomainService", "Avanade.Calculadora.DomainService\Avanade.Calculadora.DomainService.csproj", "{D4BB681D-2EDC-4146-B8EF-B074777E2CBB}"
EndProject
Project("{FAE04EC0-301F-11D3-BF4B-00C04F79EFBC}") = "Avanade.Calculadora.App.Teste", "Avanade.Calculadora.App.Teste\Avanade.Calculadora.App.Teste.csproj", "{88845D46-4DA8-4DBC-8F00-4E5E6D3F063B}"
EndProject
Project("{2150E333-8FDC-42A3-9474-1A3956D46DE8}") = "3- Testes", "3- Testes", "{5E5BA6F0-00D6-4D66-B9B7-0D2B282A32A6}"
EndProject
Project("{2150E333-8FDC-42A3-9474-1A3956D46DE8}") = "0- AppService", "0- AppService", "{475C226C-D14F-41EF-92B9-AEE8BDB0DEFB}"
EndProject
Project("{2150E333-8FDC-42A3-9474-1A3956D46DE8}") = "1- Services", "1- Services", "{D0DEBBA3-DEBF-4EE0-A67D-21AF7836C271}"
EndProject
Project("{2150E333-8FDC-42A3-9474-1A3956D46DE8}") = "2- Domain", "2- Domain", "{6F591E63-EFBC-41E7-8330-9E0E39B1F56C}"
EndProject
Global
	GlobalSection(SolutionConfigurationPlatforms) = preSolution
		Debug|Any CPU = Debug|Any CPU
		Release|Any CPU = Release|Any CPU
	EndGlobalSection
	GlobalSection(ProjectConfigurationPlatforms) = postSolution
		{AE86EF6E-A65F-4761-8C04-1E7F4BBE3970}.Debug|Any CPU.ActiveCfg = Debug|Any CPU
		{AE86EF6E-A65F-4761-8C04-1E7F4BBE3970}.Debug|Any CPU.Build.0 = Debug|Any CPU
		{AE86EF6E-A65F-4761-8C04-1E7F4BBE3970}.Release|Any CPU.ActiveCfg = Release|Any CPU
		{AE86EF6E-A65F-4761-8C04-1E7F4BBE3970}.Release|Any CPU.Build.0 = Release|Any CPU
		{5C4C4EAE-20EE-45EE-A7C5-30967CA1CF6E}.Debug|Any CPU.ActiveCfg = Debug|Any CPU
		{5C4C4EAE-20EE-45EE-A7C5-30967CA1CF6E}.Debug|Any CPU.Build.0 = Debug|Any CPU
		{5C4C4EAE-20EE-45EE-A7C5-30967CA1CF6E}.Release|Any CPU.ActiveCfg = Release|Any CPU
		{5C4C4EAE-20EE-45EE-A7C5-30967CA1CF6E}.Release|Any CPU.Build.0 = Release|Any CPU
		{D4BB681D-2EDC-4146-B8EF-B074777E2CBB}.Debug|Any CPU.ActiveCfg = Debug|Any CPU
		{D4BB681D-2EDC-4146-B8EF-B074777E2CBB}.Debug|Any CPU.Build.0 = Debug|Any CPU
		{D4BB681D-2EDC-4146-B8EF-B074777E2CBB}.Release|Any CPU.ActiveCfg = Release|Any CPU
		{D4BB681D-2EDC-4146-B8EF-B074777E2CBB}.Release|Any CPU.Build.0 = Release|Any CPU
		{88845D46-4DA8-4DBC-8F00-4E5E6D3F063B}.Debug|Any CPU.ActiveCfg = Debug|Any CPU
		{88845D46-4DA8-4DBC-8F00-4E5E6D3F063B}.Debug|Any CPU.Build.0 = Debug|Any CPU
		{88845D46-4DA8-4DBC-8F00-4E5E6D3F063B}.Release|Any CPU.ActiveCfg = Release|Any CPU
		{88845D46-4DA8-4DBC-8F00-4E5E6D3F063B}.Release|Any CPU.Build.0 = Release|Any CPU
	EndGlobalSection
	GlobalSection(SolutionProperties) = preSolution
		HideSolutionNode = FALSE
	EndGlobalSection
	GlobalSection(NestedProjects) = preSolution
		{AE86EF6E-A65F-4761-8C04-1E7F4BBE3970} = {475C226C-D14F-41EF-92B9-AEE8BDB0DEFB}
		{5C4C4EAE-20EE-45EE-A7C5-30967CA1CF6E} = {D0DEBBA3-DEBF-4EE0-A67D-21AF7836C271}
		{D4BB681D-2EDC-4146-B8EF-B074777E2CBB} = {6F591E63-EFBC-41E7-8330-9E0E39B1F56C}
		{88845D46-4DA8-4DBC-8F00-4E5E6D3F063B} = {5E5BA6F0-00D6-4D66-B9B7-0D2B282A32A6}
	EndGlobalSection
	GlobalSection(ExtensibilityGlobals) = postSolution
		SolutionGuid = {416EDFE4-0724-4433-9EE9-0D17A68DD1D0}
	EndGlobalSection
EndGlobal
